
Microsoft Visual Studio Solution File, Format Version 12.00
# Visual Studio Version 17
VisualStudioVersion = 17.3.32819.101
MinimumVisualStudioVersion = 10.0.40219.1
Project("{FAE04EC0-301F-11D3-BF4B-00C04F79EFBC}") = "BookStoreApi", "BookStoreApi\BookStoreApi.csproj", "{4D56F50D-0E14-40FC-9336-562C72FF0A70}"
EndProject
Global
	GlobalSection(SolutionConfigurationPlatforms) = preSolution
		Debug|Any CPU = Debug|Any CPU
		Release|Any CPU = Release|Any CPU
	EndGlobalSection
	GlobalSection(ProjectConfigurationPlatforms) = postSolution
		{4D56F50D-0E14-40FC-9336-562C72FF0A70}.Debug|Any CPU.ActiveCfg = Debug|Any CPU
		{4D56F50D-0E14-40FC-9336-562C72FF0A70}.Debug|Any CPU.Build.0 = Debug|Any CPU
		{4D56F50D-0E14-40FC-9336-562C72FF0A70}.Release|Any CPU.ActiveCfg = Release|Any CPU
		{4D56F50D-0E14-40FC-9336-562C72FF0A70}.Release|Any CPU.Build.0 = Release|Any CPU
	EndGlobalSection
	GlobalSection(SolutionProperties) = preSolution
		HideSolutionNode = FALSE
	EndGlobalSection
	GlobalSection(ExtensibilityGlobals) = postSolution
		SolutionGuid = {8C0FD4B1-2410-48BF-B06A-055BD48D0791}
	EndGlobalSection
EndGlobal
